
Microsoft Visual Studio Solution File, Format Version 12.00
# Visual Studio Version 17
VisualStudioVersion = 17.3.32825.248
MinimumVisualStudioVersion = 10.0.40219.1
Project("{FAE04EC0-301F-11D3-BF4B-00C04F79EFBC}") = "Classes", "Classes\Classes.csproj", "{4647EFC3-8AA9-47BC-B57A-62FC23BBA9CD}"
EndProject
Global
	GlobalSection(SolutionConfigurationPlatforms) = preSolution
		Debug|Any CPU = Debug|Any CPU
		Release|Any CPU = Release|Any CPU
	EndGlobalSection
	GlobalSection(ProjectConfigurationPlatforms) = postSolution
		{4647EFC3-8AA9-47BC-B57A-62FC23BBA9CD}.Debug|Any CPU.ActiveCfg = Debug|Any CPU
		{4647EFC3-8AA9-47BC-B57A-62FC23BBA9CD}.Debug|Any CPU.Build.0 = Debug|Any CPU
		{4647EFC3-8AA9-47BC-B57A-62FC23BBA9CD}.Release|Any CPU.ActiveCfg = Release|Any CPU
		{4647EFC3-8AA9-47BC-B57A-62FC23BBA9CD}.Release|Any CPU.Build.0 = Release|Any CPU
	EndGlobalSection
	GlobalSection(SolutionProperties) = preSolution
		HideSolutionNode = FALSE
	EndGlobalSection
	GlobalSection(ExtensibilityGlobals) = postSolution
		SolutionGuid = {0572186C-F0A1-4ABF-8947-6DC6F2AAA193}
	EndGlobalSection
EndGlobal
